
Microsoft Visual Studio Solution File, Format Version 12.00
# Visual Studio Version 16
VisualStudioVersion = 16.0.29318.209
MinimumVisualStudioVersion = 10.0.40219.1
Project("{FAE04EC0-301F-11D3-BF4B-00C04F79EFBC}") = "Autoverhuur 1.1", "Autoverhuur 1.1\Autoverhuur 1.1.csproj", "{48B1AF58-6FA6-4C1F-A9E1-669F7C5E6F39}"
EndProject
Global
	GlobalSection(SolutionConfigurationPlatforms) = preSolution
		Debug|Any CPU = Debug|Any CPU
		Release|Any CPU = Release|Any CPU
	EndGlobalSection
	GlobalSection(ProjectConfigurationPlatforms) = postSolution
		{48B1AF58-6FA6-4C1F-A9E1-669F7C5E6F39}.Debug|Any CPU.ActiveCfg = Debug|Any CPU
		{48B1AF58-6FA6-4C1F-A9E1-669F7C5E6F39}.Debug|Any CPU.Build.0 = Debug|Any CPU
		{48B1AF58-6FA6-4C1F-A9E1-669F7C5E6F39}.Release|Any CPU.ActiveCfg = Release|Any CPU
		{48B1AF58-6FA6-4C1F-A9E1-669F7C5E6F39}.Release|Any CPU.Build.0 = Release|Any CPU
	EndGlobalSection
	GlobalSection(SolutionProperties) = preSolution
		HideSolutionNode = FALSE
	EndGlobalSection
	GlobalSection(ExtensibilityGlobals) = postSolution
		SolutionGuid = {1056C2BE-CC22-423C-AB05-EADFFD527995}
	EndGlobalSection
EndGlobal
